
Microsoft Visual Studio Solution File, Format Version 12.00
# Visual Studio Version 17
VisualStudioVersion = 17.6.33829.357
MinimumVisualStudioVersion = 10.0.40219.1
Project("{9A19103F-16F7-4668-BE54-9A1E7A4F7556}") = "Evaluator", "Evaluator\Evaluator.csproj", "{AB48BBF8-9086-4815-8D82-BFEE23863C8E}"
EndProject
Global
	GlobalSection(SolutionConfigurationPlatforms) = preSolution
		Debug|Any CPU = Debug|Any CPU
		Release|Any CPU = Release|Any CPU
	EndGlobalSection
	GlobalSection(ProjectConfigurationPlatforms) = postSolution
		{AB48BBF8-9086-4815-8D82-BFEE23863C8E}.Debug|Any CPU.ActiveCfg = Debug|Any CPU
		{AB48BBF8-9086-4815-8D82-BFEE23863C8E}.Debug|Any CPU.Build.0 = Debug|Any CPU
		{AB48BBF8-9086-4815-8D82-BFEE23863C8E}.Release|Any CPU.ActiveCfg = Release|Any CPU
		{AB48BBF8-9086-4815-8D82-BFEE23863C8E}.Release|Any CPU.Build.0 = Release|Any CPU
	EndGlobalSection
	GlobalSection(SolutionProperties) = preSolution
		HideSolutionNode = FALSE
	EndGlobalSection
	GlobalSection(ExtensibilityGlobals) = postSolution
		SolutionGuid = {0BFA3100-61CC-41A9-9B68-CF2248901F0E}
	EndGlobalSection
EndGlobal
